// !$*UTF8*$!
{
	archiveVersion = 1;
	classes = {
	};
	objectVersion = 56;
	objects = {

/* Begin PBXBuildFile section */
		420FC1D32B724D35009FA759 /* GFItemInfoVC.swift in Sources */ = {isa = PBXBuildFile; fileRef = 420FC1D22B724D35009FA759 /* GFItemInfoVC.swift */; };
		42175DDA2B4747AC00E5E699 /* SearchVC.swift in Sources */ = {isa = PBXBuildFile; fileRef = 42175DD92B4747AC00E5E699 /* SearchVC.swift */; };
		42175DDC2B4747E600E5E699 /* FavoriteVC.swift in Sources */ = {isa = PBXBuildFile; fileRef = 42175DDB2B4747E600E5E699 /* FavoriteVC.swift */; };
		42175DDE2B4751E300E5E699 /* GFButton.swift in Sources */ = {isa = PBXBuildFile; fileRef = 42175DDD2B4751E300E5E699 /* GFButton.swift */; };
		42175DE02B48A9E400E5E699 /* GFTextField.swift in Sources */ = {isa = PBXBuildFile; fileRef = 42175DDF2B48A9E400E5E699 /* GFTextField.swift */; };
		42175DE22B48C5DF00E5E699 /* FollowerListVC.swift in Sources */ = {isa = PBXBuildFile; fileRef = 42175DE12B48C5DF00E5E699 /* FollowerListVC.swift */; };
		4222CB312B49E74D003AABB1 /* GFTitleLabel.swift in Sources */ = {isa = PBXBuildFile; fileRef = 4222CB302B49E74D003AABB1 /* GFTitleLabel.swift */; };
		4222CB332B49E876003AABB1 /* GFBodyLabel.swift in Sources */ = {isa = PBXBuildFile; fileRef = 4222CB322B49E876003AABB1 /* GFBodyLabel.swift */; };
		4222CB352B49E940003AABB1 /* GFAlertVC.swift in Sources */ = {isa = PBXBuildFile; fileRef = 4222CB342B49E940003AABB1 /* GFAlertVC.swift */; };
		4229A75F2B4DED7100E7A338 /* NetworkManager.swift in Sources */ = {isa = PBXBuildFile; fileRef = 4229A75E2B4DED7100E7A338 /* NetworkManager.swift */; };
		4237F6272B4ADF5F0046E569 /* UIViewController+Extenssion.swift in Sources */ = {isa = PBXBuildFile; fileRef = 4237F6262B4ADF5F0046E569 /* UIViewController+Extenssion.swift */; };
		4237F62E2B4B2BA40046E569 /* Follower.swift in Sources */ = {isa = PBXBuildFile; fileRef = 4237F62D2B4B2BA40046E569 /* Follower.swift */; };
		4237F6302B4B2CE30046E569 /* User.swift in Sources */ = {isa = PBXBuildFile; fileRef = 4237F62F2B4B2CE30046E569 /* User.swift */; };
		423A7F5B2B553D7800B5CC5A /* GFEmptyStateView.swift in Sources */ = {isa = PBXBuildFile; fileRef = 423A7F5A2B553D7800B5CC5A /* GFEmptyStateView.swift */; };
		423A7F5D2B55888800B5CC5A /* InfoVC.swift in Sources */ = {isa = PBXBuildFile; fileRef = 423A7F5C2B55888800B5CC5A /* InfoVC.swift */; };
		423A7F5F2B56EFFD00B5CC5A /* GFUserInfoHeaderVC.swift in Sources */ = {isa = PBXBuildFile; fileRef = 423A7F5E2B56EFFD00B5CC5A /* GFUserInfoHeaderVC.swift */; };
		423A7F612B56F0BF00B5CC5A /* SecondaryTitleLabel.swift in Sources */ = {isa = PBXBuildFile; fileRef = 423A7F602B56F0BF00B5CC5A /* SecondaryTitleLabel.swift */; };
		426CB7B12B45D7BC00C96C62 /* AppDelegate.swift in Sources */ = {isa = PBXBuildFile; fileRef = 426CB7B02B45D7BC00C96C62 /* AppDelegate.swift */; };
		426CB7B32B45D7BC00C96C62 /* SceneDelegate.swift in Sources */ = {isa = PBXBuildFile; fileRef = 426CB7B22B45D7BC00C96C62 /* SceneDelegate.swift */; };
		426CB7BA2B45D7BE00C96C62 /* Assets.xcassets in Resources */ = {isa = PBXBuildFile; fileRef = 426CB7B92B45D7BE00C96C62 /* Assets.xcassets */; };
		426CB7BD2B45D7BE00C96C62 /* LaunchScreen.storyboard in Resources */ = {isa = PBXBuildFile; fileRef = 426CB7BB2B45D7BE00C96C62 /* LaunchScreen.storyboard */; };
		42B7A7692B7012C000275307 /* Constants.swift in Sources */ = {isa = PBXBuildFile; fileRef = 42B7A7682B7012C000275307 /* Constants.swift */; };
		42B7A76B2B711EA200275307 /* GFItemInfoView.swift in Sources */ = {isa = PBXBuildFile; fileRef = 42B7A76A2B711EA200275307 /* GFItemInfoView.swift */; };
		42CFC2812B4FFACB00A4F5B8 /* ErrorMessage.swift in Sources */ = {isa = PBXBuildFile; fileRef = 42CFC2802B4FFACB00A4F5B8 /* ErrorMessage.swift */; };
		42CFC2842B500A5C00A4F5B8 /* FollowerCell.swift in Sources */ = {isa = PBXBuildFile; fileRef = 42CFC2832B500A5C00A4F5B8 /* FollowerCell.swift */; };
		42CFC2862B500AFA00A4F5B8 /* GFAvatarImageView.swift in Sources */ = {isa = PBXBuildFile; fileRef = 42CFC2852B500AFA00A4F5B8 /* GFAvatarImageView.swift */; };
		42CFC2882B51D74A00A4F5B8 /* UIHelper.swift in Sources */ = {isa = PBXBuildFile; fileRef = 42CFC2872B51D74A00A4F5B8 /* UIHelper.swift */; };
/* End PBXBuildFile section */

/* Begin PBXFileReference section */
		420FC1D22B724D35009FA759 /* GFItemInfoVC.swift */ = {isa = PBXFileReference; lastKnownFileType = sourcecode.swift; path = GFItemInfoVC.swift; sourceTree = "<group>"; };
		42175DD92B4747AC00E5E699 /* SearchVC.swift */ = {isa = PBXFileReference; lastKnownFileType = sourcecode.swift; path = SearchVC.swift; sourceTree = "<group>"; };
		42175DDB2B4747E600E5E699 /* FavoriteVC.swift */ = {isa = PBXFileReference; lastKnownFileType = sourcecode.swift; path = FavoriteVC.swift; sourceTree = "<group>"; };
		42175DDD2B4751E300E5E699 /* GFButton.swift */ = {isa = PBXFileReference; lastKnownFileType = sourcecode.swift; path = GFButton.swift; sourceTree = "<group>"; };
		42175DDF2B48A9E400E5E699 /* GFTextField.swift */ = {isa = PBXFileReference; lastKnownFileType = sourcecode.swift; path = GFTextField.swift; sourceTree = "<group>"; };
		42175DE12B48C5DF00E5E699 /* FollowerListVC.swift */ = {isa = PBXFileReference; lastKnownFileType = sourcecode.swift; path = FollowerListVC.swift; sourceTree = "<group>"; };
		4222CB302B49E74D003AABB1 /* GFTitleLabel.swift */ = {isa = PBXFileReference; lastKnownFileType = sourcecode.swift; path = GFTitleLabel.swift; sourceTree = "<group>"; };
		4222CB322B49E876003AABB1 /* GFBodyLabel.swift */ = {isa = PBXFileReference; lastKnownFileType = sourcecode.swift; path = GFBodyLabel.swift; sourceTree = "<group>"; };
		4222CB342B49E940003AABB1 /* GFAlertVC.swift */ = {isa = PBXFileReference; lastKnownFileType = sourcecode.swift; path = GFAlertVC.swift; sourceTree = "<group>"; };
		4229A75E2B4DED7100E7A338 /* NetworkManager.swift */ = {isa = PBXFileReference; lastKnownFileType = sourcecode.swift; path = NetworkManager.swift; sourceTree = "<group>"; };
		4237F6262B4ADF5F0046E569 /* UIViewController+Extenssion.swift */ = {isa = PBXFileReference; lastKnownFileType = sourcecode.swift; path = "UIViewController+Extenssion.swift"; sourceTree = "<group>"; };
		4237F62D2B4B2BA40046E569 /* Follower.swift */ = {isa = PBXFileReference; lastKnownFileType = sourcecode.swift; path = Follower.swift; sourceTree = "<group>"; };
		4237F62F2B4B2CE30046E569 /* User.swift */ = {isa = PBXFileReference; lastKnownFileType = sourcecode.swift; path = User.swift; sourceTree = "<group>"; };
		423A7F5A2B553D7800B5CC5A /* GFEmptyStateView.swift */ = {isa = PBXFileReference; lastKnownFileType = sourcecode.swift; path = GFEmptyStateView.swift; sourceTree = "<group>"; };
		423A7F5C2B55888800B5CC5A /* InfoVC.swift */ = {isa = PBXFileReference; lastKnownFileType = sourcecode.swift; path = InfoVC.swift; sourceTree = "<group>"; };
		423A7F5E2B56EFFD00B5CC5A /* GFUserInfoHeaderVC.swift */ = {isa = PBXFileReference; lastKnownFileType = sourcecode.swift; path = GFUserInfoHeaderVC.swift; sourceTree = "<group>"; };
		423A7F602B56F0BF00B5CC5A /* SecondaryTitleLabel.swift */ = {isa = PBXFileReference; lastKnownFileType = sourcecode.swift; path = SecondaryTitleLabel.swift; sourceTree = "<group>"; };
		426CB7AD2B45D7BC00C96C62 /* tutorGitApp.app */ = {isa = PBXFileReference; explicitFileType = wrapper.application; includeInIndex = 0; path = tutorGitApp.app; sourceTree = BUILT_PRODUCTS_DIR; };
		426CB7B02B45D7BC00C96C62 /* AppDelegate.swift */ = {isa = PBXFileReference; lastKnownFileType = sourcecode.swift; path = AppDelegate.swift; sourceTree = "<group>"; };
		426CB7B22B45D7BC00C96C62 /* SceneDelegate.swift */ = {isa = PBXFileReference; lastKnownFileType = sourcecode.swift; path = SceneDelegate.swift; sourceTree = "<group>"; };
		426CB7B92B45D7BE00C96C62 /* Assets.xcassets */ = {isa = PBXFileReference; lastKnownFileType = folder.assetcatalog; path = Assets.xcassets; sourceTree = "<group>"; };
		426CB7BC2B45D7BE00C96C62 /* Base */ = {isa = PBXFileReference; lastKnownFileType = file.storyboard; name = Base; path = Base.lproj/LaunchScreen.storyboard; sourceTree = "<group>"; };
		426CB7BE2B45D7BE00C96C62 /* Info.plist */ = {isa = PBXFileReference; lastKnownFileType = text.plist.xml; path = Info.plist; sourceTree = "<group>"; };
		42B7A7682B7012C000275307 /* Constants.swift */ = {isa = PBXFileReference; lastKnownFileType = sourcecode.swift; path = Constants.swift; sourceTree = "<group>"; };
		42B7A76A2B711EA200275307 /* GFItemInfoView.swift */ = {isa = PBXFileReference; lastKnownFileType = sourcecode.swift; path = GFItemInfoView.swift; sourceTree = "<group>"; };
		42CFC2802B4FFACB00A4F5B8 /* ErrorMessage.swift */ = {isa = PBXFileReference; lastKnownFileType = sourcecode.swift; path = ErrorMessage.swift; sourceTree = "<group>"; };
		42CFC2832B500A5C00A4F5B8 /* FollowerCell.swift */ = {isa = PBXFileReference; lastKnownFileType = sourcecode.swift; path = FollowerCell.swift; sourceTree = "<group>"; };
		42CFC2852B500AFA00A4F5B8 /* GFAvatarImageView.swift */ = {isa = PBXFileReference; lastKnownFileType = sourcecode.swift; path = GFAvatarImageView.swift; sourceTree = "<group>"; };
		42CFC2872B51D74A00A4F5B8 /* UIHelper.swift */ = {isa = PBXFileReference; lastKnownFileType = sourcecode.swift; path = UIHelper.swift; sourceTree = "<group>"; };
/* End PBXFileReference section */

/* Begin PBXFrameworksBuildPhase section */
		426CB7AA2B45D7BC00C96C62 /* Frameworks */ = {
			isa = PBXFrameworksBuildPhase;
			buildActionMask = 2147483647;
			files = (
			);
			runOnlyForDeploymentPostprocessing = 0;
		};
/* End PBXFrameworksBuildPhase section */

/* Begin PBXGroup section */
		420FC1CF2B723F83009FA759 /* Labels */ = {
			isa = PBXGroup;
			children = (
				4222CB322B49E876003AABB1 /* GFBodyLabel.swift */,
				4222CB302B49E74D003AABB1 /* GFTitleLabel.swift */,
				42175DDD2B4751E300E5E699 /* GFButton.swift */,
				42175DDF2B48A9E400E5E699 /* GFTextField.swift */,
				423A7F602B56F0BF00B5CC5A /* SecondaryTitleLabel.swift */,
			);
			path = Labels;
			sourceTree = "<group>";
		};
		420FC1D02B723FC0009FA759 /* ViewControllers */ = {
			isa = PBXGroup;
			children = (
				4222CB342B49E940003AABB1 /* GFAlertVC.swift */,
				423A7F5E2B56EFFD00B5CC5A /* GFUserInfoHeaderVC.swift */,
				420FC1D22B724D35009FA759 /* GFItemInfoVC.swift */,
			);
			path = ViewControllers;
			sourceTree = "<group>";
		};
		420FC1D12B724252009FA759 /* Views */ = {
			isa = PBXGroup;
			children = (
				42CFC2852B500AFA00A4F5B8 /* GFAvatarImageView.swift */,
				42B7A76A2B711EA200275307 /* GFItemInfoView.swift */,
				423A7F5A2B553D7800B5CC5A /* GFEmptyStateView.swift */,
			);
			path = Views;
			sourceTree = "<group>";
		};
		4229A75D2B4DED4F00E7A338 /* Managers */ = {
			isa = PBXGroup;
			children = (
				4229A75E2B4DED7100E7A338 /* NetworkManager.swift */,
			);
			path = Managers;
			sourceTree = "<group>";
		};
		4237F6282B4B22F90046E569 /* Screens */ = {
			isa = PBXGroup;
			children = (
				42175DD92B4747AC00E5E699 /* SearchVC.swift */,
				42175DE12B48C5DF00E5E699 /* FollowerListVC.swift */,
				42175DDB2B4747E600E5E699 /* FavoriteVC.swift */,
				423A7F5C2B55888800B5CC5A /* InfoVC.swift */,
			);
			path = Screens;
			sourceTree = "<group>";
		};
		4237F6292B4B23370046E569 /* Custom Views */ = {
			isa = PBXGroup;
			children = (
				420FC1D12B724252009FA759 /* Views */,
				420FC1D02B723FC0009FA759 /* ViewControllers */,
				420FC1CF2B723F83009FA759 /* Labels */,
				42CFC2822B500A3900A4F5B8 /* Cells */,
			);
			path = "Custom Views";
			sourceTree = "<group>";
		};
		4237F62A2B4B23880046E569 /* Extensions */ = {
			isa = PBXGroup;
			children = (
				4237F6262B4ADF5F0046E569 /* UIViewController+Extenssion.swift */,
			);
			path = Extensions;
			sourceTree = "<group>";
		};
		4237F62B2B4B23E40046E569 /* Support */ = {
			isa = PBXGroup;
			children = (
				426CB7BB2B45D7BE00C96C62 /* LaunchScreen.storyboard */,
				426CB7B02B45D7BC00C96C62 /* AppDelegate.swift */,
				426CB7B22B45D7BC00C96C62 /* SceneDelegate.swift */,
			);
			path = Support;
			sourceTree = "<group>";
		};
		4237F62C2B4B2B8B0046E569 /* Model */ = {
			isa = PBXGroup;
			children = (
				4237F62D2B4B2BA40046E569 /* Follower.swift */,
				4237F62F2B4B2CE30046E569 /* User.swift */,
			);
			path = Model;
			sourceTree = "<group>";
		};
		426CB7A42B45D7BC00C96C62 = {
			isa = PBXGroup;
			children = (
				426CB7AF2B45D7BC00C96C62 /* tutorGitApp */,
				426CB7AE2B45D7BC00C96C62 /* Products */,
			);
			sourceTree = "<group>";
		};
		426CB7AE2B45D7BC00C96C62 /* Products */ = {
			isa = PBXGroup;
			children = (
				426CB7AD2B45D7BC00C96C62 /* tutorGitApp.app */,
			);
			name = Products;
			sourceTree = "<group>";
		};
		426CB7AF2B45D7BC00C96C62 /* tutorGitApp */ = {
			isa = PBXGroup;
			children = (
				42CFC27F2B4FFAAD00A4F5B8 /* Utilities */,
				4229A75D2B4DED4F00E7A338 /* Managers */,
				4237F62C2B4B2B8B0046E569 /* Model */,
				4237F62B2B4B23E40046E569 /* Support */,
				4237F62A2B4B23880046E569 /* Extensions */,
				4237F6292B4B23370046E569 /* Custom Views */,
				4237F6282B4B22F90046E569 /* Screens */,
				426CB7BE2B45D7BE00C96C62 /* Info.plist */,
				426CB7B92B45D7BE00C96C62 /* Assets.xcassets */,
			);
			path = tutorGitApp;
			sourceTree = "<group>";
		};
		42CFC27F2B4FFAAD00A4F5B8 /* Utilities */ = {
			isa = PBXGroup;
			children = (
				42CFC2802B4FFACB00A4F5B8 /* ErrorMessage.swift */,
				42CFC2872B51D74A00A4F5B8 /* UIHelper.swift */,
				42B7A7682B7012C000275307 /* Constants.swift */,
			);
			path = Utilities;
			sourceTree = "<group>";
		};
		42CFC2822B500A3900A4F5B8 /* Cells */ = {
			isa = PBXGroup;
			children = (
				42CFC2832B500A5C00A4F5B8 /* FollowerCell.swift */,
			);
			path = Cells;
			sourceTree = "<group>";
		};
/* End PBXGroup section */

/* Begin PBXNativeTarget section */
		426CB7AC2B45D7BC00C96C62 /* tutorGitApp */ = {
			isa = PBXNativeTarget;
			buildConfigurationList = 426CB7C12B45D7BE00C96C62 /* Build configuration list for PBXNativeTarget "tutorGitApp" */;
			buildPhases = (
				426CB7A92B45D7BC00C96C62 /* Sources */,
				426CB7AA2B45D7BC00C96C62 /* Frameworks */,
				426CB7AB2B45D7BC00C96C62 /* Resources */,
			);
			buildRules = (
			);
			dependencies = (
			);
			name = tutorGitApp;
			productName = tutorGitApp;
			productReference = 426CB7AD2B45D7BC00C96C62 /* tutorGitApp.app */;
			productType = "com.apple.product-type.application";
		};
/* End PBXNativeTarget section */

/* Begin PBXProject section */
		426CB7A52B45D7BC00C96C62 /* Project object */ = {
			isa = PBXProject;
			attributes = {
				BuildIndependentTargetsInParallel = 1;
				LastSwiftUpdateCheck = 1510;
				LastUpgradeCheck = 1510;
				TargetAttributes = {
					426CB7AC2B45D7BC00C96C62 = {
						CreatedOnToolsVersion = 15.1;
					};
				};
			};
			buildConfigurationList = 426CB7A82B45D7BC00C96C62 /* Build configuration list for PBXProject "tutorGitApp" */;
			compatibilityVersion = "Xcode 14.0";
			developmentRegion = en;
			hasScannedForEncodings = 0;
			knownRegions = (
				en,
				Base,
			);
			mainGroup = 426CB7A42B45D7BC00C96C62;
			productRefGroup = 426CB7AE2B45D7BC00C96C62 /* Products */;
			projectDirPath = "";
			projectRoot = "";
			targets = (
				426CB7AC2B45D7BC00C96C62 /* tutorGitApp */,
			);
		};
/* End PBXProject section */

/* Begin PBXResourcesBuildPhase section */
		426CB7AB2B45D7BC00C96C62 /* Resources */ = {
			isa = PBXResourcesBuildPhase;
			buildActionMask = 2147483647;
			files = (
				426CB7BD2B45D7BE00C96C62 /* LaunchScreen.storyboard in Resources */,
				426CB7BA2B45D7BE00C96C62 /* Assets.xcassets in Resources */,
			);
			runOnlyForDeploymentPostprocessing = 0;
		};
/* End PBXResourcesBuildPhase section */

/* Begin PBXSourcesBuildPhase section */
		426CB7A92B45D7BC00C96C62 /* Sources */ = {
			isa = PBXSourcesBuildPhase;
			buildActionMask = 2147483647;
			files = (
				4237F6302B4B2CE30046E569 /* User.swift in Sources */,
				42175DE02B48A9E400E5E699 /* GFTextField.swift in Sources */,
				42175DDC2B4747E600E5E699 /* FavoriteVC.swift in Sources */,
				42175DDE2B4751E300E5E699 /* GFButton.swift in Sources */,
				423A7F5D2B55888800B5CC5A /* InfoVC.swift in Sources */,
				42175DDA2B4747AC00E5E699 /* SearchVC.swift in Sources */,
				420FC1D32B724D35009FA759 /* GFItemInfoVC.swift in Sources */,
				42B7A7692B7012C000275307 /* Constants.swift in Sources */,
				42CFC2882B51D74A00A4F5B8 /* UIHelper.swift in Sources */,
				42CFC2862B500AFA00A4F5B8 /* GFAvatarImageView.swift in Sources */,
				4222CB352B49E940003AABB1 /* GFAlertVC.swift in Sources */,
				42B7A76B2B711EA200275307 /* GFItemInfoView.swift in Sources */,
				4222CB332B49E876003AABB1 /* GFBodyLabel.swift in Sources */,
				42CFC2842B500A5C00A4F5B8 /* FollowerCell.swift in Sources */,
				423A7F5F2B56EFFD00B5CC5A /* GFUserInfoHeaderVC.swift in Sources */,
				42CFC2812B4FFACB00A4F5B8 /* ErrorMessage.swift in Sources */,
				4222CB312B49E74D003AABB1 /* GFTitleLabel.swift in Sources */,
				4237F62E2B4B2BA40046E569 /* Follower.swift in Sources */,
				42175DE22B48C5DF00E5E699 /* FollowerListVC.swift in Sources */,
				423A7F5B2B553D7800B5CC5A /* GFEmptyStateView.swift in Sources */,
				4229A75F2B4DED7100E7A338 /* NetworkManager.swift in Sources */,
				423A7F612B56F0BF00B5CC5A /* SecondaryTitleLabel.swift in Sources */,
				426CB7B12B45D7BC00C96C62 /* AppDelegate.swift in Sources */,
				4237F6272B4ADF5F0046E569 /* UIViewController+Extenssion.swift in Sources */,
				426CB7B32B45D7BC00C96C62 /* SceneDelegate.swift in Sources */,
			);
			runOnlyForDeploymentPostprocessing = 0;
		};
/* End PBXSourcesBuildPhase section */

/* Begin PBXVariantGroup section */
		426CB7BB2B45D7BE00C96C62 /* LaunchScreen.storyboard */ = {
			isa = PBXVariantGroup;
			children = (
				426CB7BC2B45D7BE00C96C62 /* Base */,
			);
			name = LaunchScreen.storyboard;
			sourceTree = "<group>";
		};
/* End PBXVariantGroup section */

/* Begin XCBuildConfiguration section */
		426CB7BF2B45D7BE00C96C62 /* Debug */ = {
			isa = XCBuildConfiguration;
			buildSettings = {
				ALWAYS_SEARCH_USER_PATHS = NO;
				ASSETCATALOG_COMPILER_GENERATE_SWIFT_ASSET_SYMBOL_EXTENSIONS = YES;
				CLANG_ANALYZER_NONNULL = YES;
				CLANG_ANALYZER_NUMBER_OBJECT_CONVERSION = YES_AGGRESSIVE;
				CLANG_CXX_LANGUAGE_STANDARD = "gnu++20";
				CLANG_ENABLE_MODULES = YES;
				CLANG_ENABLE_OBJC_ARC = YES;
				CLANG_ENABLE_OBJC_WEAK = YES;
				CLANG_WARN_BLOCK_CAPTURE_AUTORELEASING = YES;
				CLANG_WARN_BOOL_CONVERSION = YES;
				CLANG_WARN_COMMA = YES;
				CLANG_WARN_CONSTANT_CONVERSION = YES;
				CLANG_WARN_DEPRECATED_OBJC_IMPLEMENTATIONS = YES;
				CLANG_WARN_DIRECT_OBJC_ISA_USAGE = YES_ERROR;
				CLANG_WARN_DOCUMENTATION_COMMENTS = YES;
				CLANG_WARN_EMPTY_BODY = YES;
				CLANG_WARN_ENUM_CONVERSION = YES;
				CLANG_WARN_INFINITE_RECURSION = YES;
				CLANG_WARN_INT_CONVERSION = YES;
				CLANG_WARN_NON_LITERAL_NULL_CONVERSION = YES;
				CLANG_WARN_OBJC_IMPLICIT_RETAIN_SELF = YES;
				CLANG_WARN_OBJC_LITERAL_CONVERSION = YES;
				CLANG_WARN_OBJC_ROOT_CLASS = YES_ERROR;
				CLANG_WARN_QUOTED_INCLUDE_IN_FRAMEWORK_HEADER = YES;
				CLANG_WARN_RANGE_LOOP_ANALYSIS = YES;
				CLANG_WARN_STRICT_PROTOTYPES = YES;
				CLANG_WARN_SUSPICIOUS_MOVE = YES;
				CLANG_WARN_UNGUARDED_AVAILABILITY = YES_AGGRESSIVE;
				CLANG_WARN_UNREACHABLE_CODE = YES;
				CLANG_WARN__DUPLICATE_METHOD_MATCH = YES;
				COPY_PHASE_STRIP = NO;
				DEBUG_INFORMATION_FORMAT = dwarf;
				ENABLE_STRICT_OBJC_MSGSEND = YES;
				ENABLE_TESTABILITY = YES;
				ENABLE_USER_SCRIPT_SANDBOXING = YES;
				GCC_C_LANGUAGE_STANDARD = gnu17;
				GCC_DYNAMIC_NO_PIC = NO;
				GCC_NO_COMMON_BLOCKS = YES;
				GCC_OPTIMIZATION_LEVEL = 0;
				GCC_PREPROCESSOR_DEFINITIONS = (
					"DEBUG=1",
					"$(inherited)",
				);
				GCC_WARN_64_TO_32_BIT_CONVERSION = YES;
				GCC_WARN_ABOUT_RETURN_TYPE = YES_ERROR;
				GCC_WARN_UNDECLARED_SELECTOR = YES;
				GCC_WARN_UNINITIALIZED_AUTOS = YES_AGGRESSIVE;
				GCC_WARN_UNUSED_FUNCTION = YES;
				GCC_WARN_UNUSED_VARIABLE = YES;
				IPHONEOS_DEPLOYMENT_TARGET = 17.2;
				LOCALIZATION_PREFERS_STRING_CATALOGS = YES;
				MTL_ENABLE_DEBUG_INFO = INCLUDE_SOURCE;
				MTL_FAST_MATH = YES;
				ONLY_ACTIVE_ARCH = YES;
				SDKROOT = iphoneos;
				SWIFT_ACTIVE_COMPILATION_CONDITIONS = "DEBUG $(inherited)";
				SWIFT_OPTIMIZATION_LEVEL = "-Onone";
			};
			name = Debug;
		};
		426CB7C02B45D7BE00C96C62 /* Release */ = {
			isa = XCBuildConfiguration;
			buildSettings = {
				ALWAYS_SEARCH_USER_PATHS = NO;
				ASSETCATALOG_COMPILER_GENERATE_SWIFT_ASSET_SYMBOL_EXTENSIONS = YES;
				CLANG_ANALYZER_NONNULL = YES;
				CLANG_ANALYZER_NUMBER_OBJECT_CONVERSION = YES_AGGRESSIVE;
				CLANG_CXX_LANGUAGE_STANDARD = "gnu++20";
				CLANG_ENABLE_MODULES = YES;
				CLANG_ENABLE_OBJC_ARC = YES;
				CLANG_ENABLE_OBJC_WEAK = YES;
				CLANG_WARN_BLOCK_CAPTURE_AUTORELEASING = YES;
				CLANG_WARN_BOOL_CONVERSION = YES;
				CLANG_WARN_COMMA = YES;
				CLANG_WARN_CONSTANT_CONVERSION = YES;
				CLANG_WARN_DEPRECATED_OBJC_IMPLEMENTATIONS = YES;
				CLANG_WARN_DIRECT_OBJC_ISA_USAGE = YES_ERROR;
				CLANG_WARN_DOCUMENTATION_COMMENTS = YES;
				CLANG_WARN_EMPTY_BODY = YES;
				CLANG_WARN_ENUM_CONVERSION = YES;
				CLANG_WARN_INFINITE_RECURSION = YES;
				CLANG_WARN_INT_CONVERSION = YES;
				CLANG_WARN_NON_LITERAL_NULL_CONVERSION = YES;
				CLANG_WARN_OBJC_IMPLICIT_RETAIN_SELF = YES;
				CLANG_WARN_OBJC_LITERAL_CONVERSION = YES;
				CLANG_WARN_OBJC_ROOT_CLASS = YES_ERROR;
				CLANG_WARN_QUOTED_INCLUDE_IN_FRAMEWORK_HEADER = YES;
				CLANG_WARN_RANGE_LOOP_ANALYSIS = YES;
				CLANG_WARN_STRICT_PROTOTYPES = YES;
				CLANG_WARN_SUSPICIOUS_MOVE = YES;
				CLANG_WARN_UNGUARDED_AVAILABILITY = YES_AGGRESSIVE;
				CLANG_WARN_UNREACHABLE_CODE = YES;
				CLANG_WARN__DUPLICATE_METHOD_MATCH = YES;
				COPY_PHASE_STRIP = NO;
				DEBUG_INFORMATION_FORMAT = "dwarf-with-dsym";
				ENABLE_NS_ASSERTIONS = NO;
				ENABLE_STRICT_OBJC_MSGSEND = YES;
				ENABLE_USER_SCRIPT_SANDBOXING = YES;
				GCC_C_LANGUAGE_STANDARD = gnu17;
				GCC_NO_COMMON_BLOCKS = YES;
				GCC_WARN_64_TO_32_BIT_CONVERSION = YES;
				GCC_WARN_ABOUT_RETURN_TYPE = YES_ERROR;
				GCC_WARN_UNDECLARED_SELECTOR = YES;
				GCC_WARN_UNINITIALIZED_AUTOS = YES_AGGRESSIVE;
				GCC_WARN_UNUSED_FUNCTION = YES;
				GCC_WARN_UNUSED_VARIABLE = YES;
				IPHONEOS_DEPLOYMENT_TARGET = 17.2;
				LOCALIZATION_PREFERS_STRING_CATALOGS = YES;
				MTL_ENABLE_DEBUG_INFO = NO;
				MTL_FAST_MATH = YES;
				SDKROOT = iphoneos;
				SWIFT_COMPILATION_MODE = wholemodule;
				VALIDATE_PRODUCT = YES;
			};
			name = Release;
		};
		426CB7C22B45D7BE00C96C62 /* Debug */ = {
			isa = XCBuildConfiguration;
			buildSettings = {
				ASSETCATALOG_COMPILER_APPICON_NAME = AppIcon;
				ASSETCATALOG_COMPILER_GLOBAL_ACCENT_COLOR_NAME = AccentColor;
				ASSETCATALOG_COMPILER_INCLUDE_ALL_APPICON_ASSETS = YES;
				CODE_SIGN_STYLE = Automatic;
				CURRENT_PROJECT_VERSION = 1;
				DEVELOPMENT_TEAM = W74FK3KHM7;
				GENERATE_INFOPLIST_FILE = YES;
				INFOPLIST_FILE = tutorGitApp/Info.plist;
				INFOPLIST_KEY_UIApplicationSupportsIndirectInputEvents = YES;
				INFOPLIST_KEY_UILaunchStoryboardName = LaunchScreen;
				INFOPLIST_KEY_UISupportedInterfaceOrientations_iPad = "UIInterfaceOrientationPortrait UIInterfaceOrientationPortraitUpsideDown UIInterfaceOrientationLandscapeLeft UIInterfaceOrientationLandscapeRight";
				INFOPLIST_KEY_UISupportedInterfaceOrientations_iPhone = "UIInterfaceOrientationPortrait UIInterfaceOrientationLandscapeLeft UIInterfaceOrientationLandscapeRight";
				LD_RUNPATH_SEARCH_PATHS = (
					"$(inherited)",
					"@executable_path/Frameworks",
				);
				MARKETING_VERSION = 1.0;
				PRODUCT_BUNDLE_IDENTIFIER = chromehearts.tutorGitApp;
				PRODUCT_NAME = "$(TARGET_NAME)";
				SWIFT_EMIT_LOC_STRINGS = YES;
				SWIFT_VERSION = 5.0;
				TARGETED_DEVICE_FAMILY = "1,2";
			};
			name = Debug;
		};
		426CB7C32B45D7BE00C96C62 /* Release */ = {
			isa = XCBuildConfiguration;
			buildSettings = {
				ASSETCATALOG_COMPILER_APPICON_NAME = AppIcon;
				ASSETCATALOG_COMPILER_GLOBAL_ACCENT_COLOR_NAME = AccentColor;
				ASSETCATALOG_COMPILER_INCLUDE_ALL_APPICON_ASSETS = YES;
				CODE_SIGN_STYLE = Automatic;
				CURRENT_PROJECT_VERSION = 1;
				DEVELOPMENT_TEAM = W74FK3KHM7;
				GENERATE_INFOPLIST_FILE = YES;
				INFOPLIST_FILE = tutorGitApp/Info.plist;
				INFOPLIST_KEY_UIApplicationSupportsIndirectInputEvents = YES;
				INFOPLIST_KEY_UILaunchStoryboardName = LaunchScreen;
				INFOPLIST_KEY_UISupportedInterfaceOrientations_iPad = "UIInterfaceOrientationPortrait UIInterfaceOrientationPortraitUpsideDown UIInterfaceOrientationLandscapeLeft UIInterfaceOrientationLandscapeRight";
				INFOPLIST_KEY_UISupportedInterfaceOrientations_iPhone = "UIInterfaceOrientationPortrait UIInterfaceOrientationLandscapeLeft UIInterfaceOrientationLandscapeRight";
				LD_RUNPATH_SEARCH_PATHS = (
					"$(inherited)",
					"@executable_path/Frameworks",
				);
				MARKETING_VERSION = 1.0;
				PRODUCT_BUNDLE_IDENTIFIER = chromehearts.tutorGitApp;
				PRODUCT_NAME = "$(TARGET_NAME)";
				SWIFT_EMIT_LOC_STRINGS = YES;
				SWIFT_VERSION = 5.0;
				TARGETED_DEVICE_FAMILY = "1,2";
			};
			name = Release;
		};
/* End XCBuildConfiguration section */

/* Begin XCConfigurationList section */
		426CB7A82B45D7BC00C96C62 /* Build configuration list for PBXProject "tutorGitApp" */ = {
			isa = XCConfigurationList;
			buildConfigurations = (
				426CB7BF2B45D7BE00C96C62 /* Debug */,
				426CB7C02B45D7BE00C96C62 /* Release */,
			);
			defaultConfigurationIsVisible = 0;
			defaultConfigurationName = Release;
		};
		426CB7C12B45D7BE00C96C62 /* Build configuration list for PBXNativeTarget "tutorGitApp" */ = {
			isa = XCConfigurationList;
			buildConfigurations = (
				426CB7C22B45D7BE00C96C62 /* Debug */,
				426CB7C32B45D7BE00C96C62 /* Release */,
			);
			defaultConfigurationIsVisible = 0;
			defaultConfigurationName = Release;
		};
/* End XCConfigurationList section */
	};
	rootObject = 426CB7A52B45D7BC00C96C62 /* Project object */;
}
